<?xml version="1.0" encoding="utf-8"?>
<Project ToolsVersion="4.0" xmlns="http://schemas.microsoft.com/developer/msbuild/2003">
  <ItemGroup>
    <Filter Include="Source Files">
      <UniqueIdentifier>{4FC737F1-C7A5-4376-A066-2A32D752A2FF}</UniqueIdentifier>
      <Extensions>cpp;c;cc;cxx;c++;cppm;ixx;def;odl;idl;hpj;bat;asm;asmx</Extensions>
    </Filter>
    <Filter Include="Header Files">
      <UniqueIdentifier>{93995380-89BD-4b04-88EB-625FBE52EBFB}</UniqueIdentifier>
      <Extensions>h;hh;hpp;hxx;h++;hm;inl;inc;ipp;xsd</Extensions>
    </Filter>
    <Filter Include="Resource Files">
      <UniqueIdentifier>{67DA6AB6-F800-4c08-8B7A-83BB121AAD01}</UniqueIdentifier>
      <Extensions>rc;ico;cur;bmp;dlg;rc2;rct;bin;rgs;gif;jpg;jpeg;jpe;resx;tiff;tif;png;wav;mfcribbon-ms</Extensions>
    </Filter>
  </ItemGroup>
  <ItemGroup>
    <ClCompile Include="Core\core.h">
      <Filter>Source Files</Filter>
    </ClCompile>
    <ClCompile Include="Core\src\Application.cpp">
      <Filter>Source Files</Filter>
    </ClCompile>
    <ClCompile Include="Core\src\Buffer.cpp">
      <Filter>Source Files</Filter>
    </ClCompile>
    <ClCompile Include="Core\src\VertexBuffer.cpp">
      <Filter>Source Files</Filter>
    </ClCompile>
    <ClCompile Include="Core\src\VertexArray.cpp">
      <Filter>Source Files</Filter>
    </ClCompile>
    <ClCompile Include="Core\src\renderer.cpp">
      <Filter>Source Files</Filter>
    </ClCompile>
    <ClCompile Include="Core\src\Texture.cpp">
      <Filter>Source Files</Filter>
    </ClCompile>
    <ClCompile Include="deps\stb_s\stb_image.cpp">
      <Filter>Source Files</Filter>
    </ClCompile>
    <ClCompile Include="Core\src\Event.cpp">
      <Filter>Source Files</Filter>
    </ClCompile>
    <ClCompile Include="Core\src\Material.cpp">
      <Filter>Source Files</Filter>
    </ClCompile>
    <ClCompile Include="Core\src\Shader.cpp">
      <Filter>Source Files</Filter>
    </ClCompile>
    <ClCompile Include="Core\src\pch.cpp">
      <Filter>Source Files</Filter>
    </ClCompile>
    <ClCompile Include="Core\src\rendercommand.cpp">
      <Filter>Source Files</Filter>
    </ClCompile>
    <ClCompile Include="Core\src\rendererAPI.cpp">
      <Filter>Source Files</Filter>
    </ClCompile>
    <ClCompile Include="Core\src\Layer.cpp">
      <Filter>Source Files</Filter>
    </ClCompile>
    <ClCompile Include="Core\src\Layerstack.cpp">
      <Filter>Source Files</Filter>
    </ClCompile>
    <ClCompile Include="Core\src\Camera.cpp">
      <Filter>Source Files</Filter>
    </ClCompile>
    <ClCompile Include="Core\src\log.cpp">
      <Filter>Source Files</Filter>
    </ClCompile>
    <ClCompile Include="Core\src\Cameracontrol.cpp">
      <Filter>Source Files</Filter>
    </ClCompile>
    <ClCompile Include="Core\src\ExamplerLayer.cpp">
      <Filter>Source Files</Filter>
    </ClCompile>
    <ClCompile Include="C:\Users\User\Downloads\Compressed\imgui\imgui-master\backends\imgui_impl_glfw.cpp">
      <Filter>Source Files</Filter>
    </ClCompile>
    <ClCompile Include="deps\imgui\imgui.cpp">
      <Filter>Source Files</Filter>
    </ClCompile>
    <ClCompile Include="deps\imgui\imgui_demo.cpp">
      <Filter>Source Files</Filter>
    </ClCompile>
    <ClCompile Include="deps\imgui\imgui_draw.cpp">
      <Filter>Source Files</Filter>
    </ClCompile>
    <ClCompile Include="deps\imgui\imgui_impl_glfw.cpp">
      <Filter>Source Files</Filter>
    </ClCompile>
    <ClCompile Include="deps\imgui\imgui_impl_opengl3.cpp">
      <Filter>Source Files</Filter>
    </ClCompile>
    <ClCompile Include="deps\imgui\imgui_tables.cpp">
      <Filter>Source Files</Filter>
    </ClCompile>
    <ClCompile Include="deps\imgui\imgui_widgets.cpp">
      <Filter>Source Files</Filter>
    </ClCompile>
    <ClCompile Include="Core\src\Framebuffer.cpp">
      <Filter>Source Files</Filter>
    </ClCompile>
    <ClCompile Include="Core\src\EditorLayer.cpp">
      <Filter>Source Files</Filter>
    </ClCompile>
    <ClCompile Include="Entry.h">
      <Filter>Header Files</Filter>
    </ClCompile>
    <ClCompile Include="Core\src\ECS\Entity.cpp">
      <Filter>Source Files</Filter>
    </ClCompile>
    <ClCompile Include="Core\src\ECS\ComponentArray.cpp">
      <Filter>Source Files</Filter>
    </ClCompile>
    <ClCompile Include="Core\src\ECS\SystemManager.cpp">
      <Filter>Source Files</Filter>
    </ClCompile>
    <ClCompile Include="Core\src\ECS\Coordinator.cpp">
      <Filter>Source Files</Filter>
    </ClCompile>
    <ClCompile Include="Core\src\ECS\Components.cpp">
      <Filter>Source Files</Filter>
    </ClCompile>
    <ClCompile Include="Core\src\Engine.Config\ConfigurationManager.cpp">
      <Filter>Source Files</Filter>
    </ClCompile>
    <ClCompile Include="deps\json\src\lib_json\json_reader.cpp">
      <Filter>Source Files</Filter>
    </ClCompile>
    <ClCompile Include="deps\json\src\lib_json\json_value.cpp">
      <Filter>Source Files</Filter>
    </ClCompile>
    <ClCompile Include="deps\json\src\lib_json\json_writer.cpp">
      <Filter>Source Files</Filter>
    </ClCompile>
    <ClCompile Include="deps\json\src\test_lib_json\fuzz.cpp">
      <Filter>Source Files</Filter>
    </ClCompile>
    <ClCompile Include="deps\json\src\test_lib_json\jsontest.cpp">
      <Filter>Source Files</Filter>
    </ClCompile>
    <ClCompile Include="Core\headers\ECS\Gameobject.h">
      <Filter>Source Files</Filter>
    </ClCompile>
    <ClCompile Include="Core\src\ECS\Gameobject.cpp">
      <Filter>Source Files</Filter>
    </ClCompile>
    <ClCompile Include="Core\src\ECS\Scene.cpp">
      <Filter>Source Files</Filter>
    </ClCompile>
    <ClCompile Include="Core\src\Mathematics\vec.cpp">
      <Filter>Source Files</Filter>
    </ClCompile>
    <ClCompile Include="Core\src\Mathematics\mat.cpp">
      <Filter>Source Files</Filter>
    </ClCompile>
    <ClCompile Include="Renderer2D.cpp">
      <Filter>Source Files</Filter>
    </ClCompile>
    <ClCompile Include="Core\src\TestLayer2D.cpp">
      <Filter>Source Files</Filter>
    </ClCompile>
    <ClCompile Include="Core\headers\ECS\Systems.cpp">
      <Filter>Source Files</Filter>
    </ClCompile>
  </ItemGroup>
  <ItemGroup>
    <ClInclude Include="deps\includes\GL\eglew.h">
      <Filter>Header Files</Filter>
    </ClInclude>
    <ClInclude Include="deps\includes\GL\glew.h">
      <Filter>Header Files</Filter>
    </ClInclude>
    <ClInclude Include="deps\includes\GL\glxew.h">
      <Filter>Header Files</Filter>
    </ClInclude>
    <ClInclude Include="deps\includes\GL\wglew.h">
      <Filter>Header Files</Filter>
    </ClInclude>
    <ClInclude Include="deps\includes\GLFW\glfw3.h">
      <Filter>Header Files</Filter>
    </ClInclude>
    <ClInclude Include="deps\includes\GLFW\glfw3native.h">
      <Filter>Header Files</Filter>
    </ClInclude>
    <ClInclude Include="Core\headers\Application.h">
      <Filter>Header Files</Filter>
    </ClInclude>
    <ClInclude Include="Core\headers\Buffer.h">
      <Filter>Header Files</Filter>
    </ClInclude>
    <ClInclude Include="Core\headers\VertexBuffer.h">
      <Filter>Header Files</Filter>
    </ClInclude>
    <ClInclude Include="Core\headers\VertexArray.h">
      <Filter>Header Files</Filter>
    </ClInclude>
    <ClInclude Include="Core\headers\renderer.h">
      <Filter>Header Files</Filter>
    </ClInclude>
    <ClInclude Include="Core\headers\Texture.h">
      <Filter>Header Files</Filter>
    </ClInclude>
    <ClInclude Include="deps\stb_s\stb_image.h">
      <Filter>Header Files</Filter>
    </ClInclude>
    <ClInclude Include="Core\headers\Event.h">
      <Filter>Header Files</Filter>
    </ClInclude>
    <ClInclude Include="Core\headers\Material.h">
      <Filter>Header Files</Filter>
    </ClInclude>
    <ClInclude Include="Core\headers\Shader.h">
      <Filter>Header Files</Filter>
    </ClInclude>
    <ClInclude Include="Core\headers\pch.h">
      <Filter>Header Files</Filter>
    </ClInclude>
    <ClInclude Include="Core\headers\rendercommand.h">
      <Filter>Header Files</Filter>
    </ClInclude>
    <ClInclude Include="Core\headers\rendererAPI.h">
      <Filter>Header Files</Filter>
    </ClInclude>
    <ClInclude Include="Core\headers\Layer.h">
      <Filter>Header Files</Filter>
    </ClInclude>
    <ClInclude Include="Core\headers\Layerstack.h">
      <Filter>Header Files</Filter>
    </ClInclude>
    <ClInclude Include="Core\headers\Camera.h">
      <Filter>Header Files</Filter>
    </ClInclude>
    <ClInclude Include="Core\headers\log.h">
      <Filter>Header Files</Filter>
    </ClInclude>
    <ClInclude Include="Core\headers\Cameracontrol.h">
      <Filter>Header Files</Filter>
    </ClInclude>
    <ClInclude Include="Core\headers\ExampleLayer.h">
      <Filter>Header Files</Filter>
    </ClInclude>
    <ClInclude Include="C:\Users\User\Downloads\Compressed\imgui\imgui-master\backends\imgui_impl_glfw.h">
      <Filter>Header Files</Filter>
    </ClInclude>
    <ClInclude Include="deps\imgui\imconfig.h">
      <Filter>Header Files</Filter>
    </ClInclude>
    <ClInclude Include="deps\imgui\imgui.h">
      <Filter>Header Files</Filter>
    </ClInclude>
    <ClInclude Include="deps\imgui\imgui_impl_glfw.h">
      <Filter>Header Files</Filter>
    </ClInclude>
    <ClInclude Include="deps\imgui\imgui_impl_opengl3.h">
      <Filter>Header Files</Filter>
    </ClInclude>
    <ClInclude Include="deps\imgui\imgui_impl_opengl3_loader.h">
      <Filter>Header Files</Filter>
    </ClInclude>
    <ClInclude Include="deps\imgui\imgui_internal.h">
      <Filter>Header Files</Filter>
    </ClInclude>
    <ClInclude Include="deps\imgui\imstb_rectpack.h">
      <Filter>Header Files</Filter>
    </ClInclude>
    <ClInclude Include="deps\imgui\imstb_textedit.h">
      <Filter>Header Files</Filter>
    </ClInclude>
    <ClInclude Include="deps\imgui\imstb_truetype.h">
      <Filter>Header Files</Filter>
    </ClInclude>
    <ClInclude Include="Core\headers\Framebuffer.h">
      <Filter>Header Files</Filter>
    </ClInclude>
    <ClInclude Include="Core\headers\EditorLayer.h">
      <Filter>Header Files</Filter>
    </ClInclude>
    <ClInclude Include="Core\headers\ECS\Entity.h">
      <Filter>Header Files</Filter>
    </ClInclude>
    <ClInclude Include="Core\headers\ECS\ComponentArray.h">
      <Filter>Header Files</Filter>
    </ClInclude>
    <ClInclude Include="Core\headers\ECS\SystemManager.h">
      <Filter>Header Files</Filter>
    </ClInclude>
    <ClInclude Include="Core\headers\ECS\Coordinator.h">
      <Filter>Header Files</Filter>
    </ClInclude>
    <ClInclude Include="Core\headers\ECS\Components.h">
      <Filter>Header Files</Filter>
    </ClInclude>
    <ClInclude Include="Core\headers\ECS\Systems.h">
      <Filter>Header Files</Filter>
    </ClInclude>
    <ClInclude Include="Core\headers\Engine.Config\ConfigurationManager.h">
      <Filter>Header Files</Filter>
    </ClInclude>
    <ClInclude Include="deps\json\json\allocator.h">
      <Filter>Header Files</Filter>
    </ClInclude>
    <ClInclude Include="deps\json\json\assertions.h">
      <Filter>Header Files</Filter>
    </ClInclude>
    <ClInclude Include="deps\json\json\config.h">
      <Filter>Header Files</Filter>
    </ClInclude>
    <ClInclude Include="deps\json\json\forwards.h">
      <Filter>Header Files</Filter>
    </ClInclude>
    <ClInclude Include="deps\json\json\json.h">
      <Filter>Header Files</Filter>
    </ClInclude>
    <ClInclude Include="deps\json\json\json_features.h">
      <Filter>Header Files</Filter>
    </ClInclude>
    <ClInclude Include="deps\json\json\reader.h">
      <Filter>Header Files</Filter>
    </ClInclude>
    <ClInclude Include="deps\json\json\value.h">
      <Filter>Header Files</Filter>
    </ClInclude>
    <ClInclude Include="deps\json\json\version.h">
      <Filter>Header Files</Filter>
    </ClInclude>
    <ClInclude Include="deps\json\json\writer.h">
      <Filter>Header Files</Filter>
    </ClInclude>
    <ClInclude Include="deps\json\src\lib_json\json_tool.h">
      <Filter>Header Files</Filter>
    </ClInclude>
    <ClInclude Include="deps\json\src\test_lib_json\fuzz.h">
      <Filter>Header Files</Filter>
    </ClInclude>
    <ClInclude Include="deps\json\src\test_lib_json\jsontest.h">
      <Filter>Header Files</Filter>
    </ClInclude>
    <ClInclude Include="Core\headers\ECS\Scene.h">
      <Filter>Header Files</Filter>
    </ClInclude>
    <ClInclude Include="Core\headers\Mathematics\vec.h">
      <Filter>Header Files</Filter>
    </ClInclude>
    <ClInclude Include="Core\headers\Mathematics\mat.h">
      <Filter>Header Files</Filter>
    </ClInclude>
    <ClInclude Include="Core\headers\Renderer2D.h">
      <Filter>Header Files</Filter>
    </ClInclude>
    <ClInclude Include="Core\headers\TestLayer2D.h">
      <Filter>Header Files</Filter>
    </ClInclude>
  </ItemGroup>
  <ItemGroup>
    <Library Include="deps\libraries\glfw3dll.lib" />
    <Library Include="deps\libraries\glfw3_mt.lib" />
    <Library Include="deps\libraries\glfw3.lib" />
    <Library Include="deps\libraries\glew32s.lib" />
    <Library Include="deps\libraries\glew32.lib" />
  </ItemGroup>
  <ItemGroup>
    <None Include="deps\libraries\glfw3.dll" />
    <None Include="deps\json\src\lib_json\json_valueiterator.inl">
      <Filter>Header Files</Filter>
    </None>
    <None Include="cpp.hint" />
  </ItemGroup>
  <ItemGroup>
    <Image Include="Core\PFP.jpeg">
      <Filter>Resource Files</Filter>
    </Image>
  </ItemGroup>
</Project>